// !$*UTF8*$!
{
	archiveVersion = 1;
	classes = {};
	objectVersion = 56;
	objects = {

		8CE40724D6FD4042B21E6BE8 /* IsshinPlayerApp.swift */ = {isa = PBXFileReference; lastKnownFileType = sourcecode.swift; path = IsshinPlayerApp.swift; sourceTree = "<group>"; };
		C76EE341AFBC4347B2EB3AB0 /* AudioSessionManager.swift */ = {isa = PBXFileReference; lastKnownFileType = sourcecode.swift; path = AudioSessionManager.swift; sourceTree = "<group>"; };
		371C0AB481AC45F3ACF322C6 /* NowPlayingManager.swift */ = {isa = PBXFileReference; lastKnownFileType = sourcecode.swift; path = NowPlayingManager.swift; sourceTree = "<group>"; };
		78763F573D994FC982BFAC0B /* PictureInPictureManager.swift */ = {isa = PBXFileReference; lastKnownFileType = sourcecode.swift; path = PictureInPictureManager.swift; sourceTree = "<group>"; };
		5BBEF10A88FD41B29E947B0A /* Theme.swift */ = {isa = PBXFileReference; lastKnownFileType = sourcecode.swift; path = Theme.swift; sourceTree = "<group>"; };
		AD7D19C505974730B3D9C765 /* StateViews.swift */ = {isa = PBXFileReference; lastKnownFileType = sourcecode.swift; path = StateViews.swift; sourceTree = "<group>"; };
		6F9775CDD6504FE7AC59AD15 /* PlaylistItem.swift */ = {isa = PBXFileReference; lastKnownFileType = sourcecode.swift; path = PlaylistItem.swift; sourceTree = "<group>"; };
		37F2C46DBC0F4CA7A124388F /* PlayerControlsView.swift */ = {isa = PBXFileReference; lastKnownFileType = sourcecode.swift; path = PlayerControlsView.swift; sourceTree = "<group>"; };
		83CF839567904BA2A79BDBE5 /* PlayerLayerView.swift */ = {isa = PBXFileReference; lastKnownFileType = sourcecode.swift; path = PlayerLayerView.swift; sourceTree = "<group>"; };
		BA9F155CE6254760A0452E2C /* PlayerView.swift */ = {isa = PBXFileReference; lastKnownFileType = sourcecode.swift; path = PlayerView.swift; sourceTree = "<group>"; };
		5A51ADE774804E96BC6C84FF /* PlayerViewModel.swift */ = {isa = PBXFileReference; lastKnownFileType = sourcecode.swift; path = PlayerViewModel.swift; sourceTree = "<group>"; };
		F44BDF552A8343C8AE9A79F3 /* PlaylistView.swift */ = {isa = PBXFileReference; lastKnownFileType = sourcecode.swift; path = PlaylistView.swift; sourceTree = "<group>"; };
		3816A3774FA944D29720E067 /* Assets.xcassets */ = {isa = PBXFileReference; lastKnownFileType = folder.assetcatalog; path = Assets.xcassets; sourceTree = "<group>"; };
		BDD8479EA34C4177A0520BBD /* IsshinPlayer.app */ = {isa = PBXFileReference; explicitFileType = wrapper.application; includeInIndex = 0; path = IsshinPlayer.app; sourceTree = BUILT_PRODUCTS_DIR; };
		D41A278314834F2F9190AF62 /* Info.plist */ = {isa = PBXFileReference; lastKnownFileType = text.plist.xml; path = Info.plist; sourceTree = "<group>"; };
		10F2B1EF98704E1FBBB62505 /* IsshinPlayerApp.swift in Sources */ = {isa = PBXBuildFile; fileRef = 8CE40724D6FD4042B21E6BE8 /* IsshinPlayerApp.swift */; };
		A3C321936A584EF8BD567A8B /* AudioSessionManager.swift in Sources */ = {isa = PBXBuildFile; fileRef = C76EE341AFBC4347B2EB3AB0 /* AudioSessionManager.swift */; };
		B6CC71B355C2476E855DB536 /* NowPlayingManager.swift in Sources */ = {isa = PBXBuildFile; fileRef = 371C0AB481AC45F3ACF322C6 /* NowPlayingManager.swift */; };
		F3922F3A33224CA999AA5C65 /* PictureInPictureManager.swift in Sources */ = {isa = PBXBuildFile; fileRef = 78763F573D994FC982BFAC0B /* PictureInPictureManager.swift */; };
		6FDB9B15F539455492BFE572 /* Theme.swift in Sources */ = {isa = PBXBuildFile; fileRef = 5BBEF10A88FD41B29E947B0A /* Theme.swift */; };
		324C146981C341ED8A2B3593 /* StateViews.swift in Sources */ = {isa = PBXBuildFile; fileRef = AD7D19C505974730B3D9C765 /* StateViews.swift */; };
		C0A14B486F934ED8B1AD4E8B /* PlaylistItem.swift in Sources */ = {isa = PBXBuildFile; fileRef = 6F9775CDD6504FE7AC59AD15 /* PlaylistItem.swift */; };
		7AC9F2FDB78645EFA24A4FA8 /* PlayerControlsView.swift in Sources */ = {isa = PBXBuildFile; fileRef = 37F2C46DBC0F4CA7A124388F /* PlayerControlsView.swift */; };
		0E15DC1FDB65473E84004B49 /* PlayerLayerView.swift in Sources */ = {isa = PBXBuildFile; fileRef = 83CF839567904BA2A79BDBE5 /* PlayerLayerView.swift */; };
		93EBAD8C83674CD5808711E7 /* PlayerView.swift in Sources */ = {isa = PBXBuildFile; fileRef = BA9F155CE6254760A0452E2C /* PlayerView.swift */; };
		28BD30B67A6947489123EF9C /* PlayerViewModel.swift in Sources */ = {isa = PBXBuildFile; fileRef = 5A51ADE774804E96BC6C84FF /* PlayerViewModel.swift */; };
		16FB4A1D0C054F80B1310449 /* PlaylistView.swift in Sources */ = {isa = PBXBuildFile; fileRef = F44BDF552A8343C8AE9A79F3 /* PlaylistView.swift */; };
		ABD07E2FD5054528B1DF551C /* Assets.xcassets in Resources */ = {isa = PBXBuildFile; fileRef = 3816A3774FA944D29720E067 /* Assets.xcassets */; };
		B074996D649D400FBA625B84 /* App */ = {
			isa = PBXGroup;
			children = (
				8CE40724D6FD4042B21E6BE8 /* IsshinPlayerApp.swift */,
			);
			path = App;
			sourceTree = "<group>";
		};
		FD971BACCCCC4D15A763446D /* Theme */ = {
			isa = PBXGroup;
			children = (
				5BBEF10A88FD41B29E947B0A /* Theme.swift */,
			);
			path = Theme;
			sourceTree = "<group>";
		};
		4E1820F6C57245279A6B445F /* Audio */ = {
			isa = PBXGroup;
			children = (
				C76EE341AFBC4347B2EB3AB0 /* AudioSessionManager.swift */,
				371C0AB481AC45F3ACF322C6 /* NowPlayingManager.swift */,
			);
			path = Audio;
			sourceTree = "<group>";
		};
		A5E981CC24C344B1A20E108E /* PiP */ = {
			isa = PBXGroup;
			children = (
				78763F573D994FC982BFAC0B /* PictureInPictureManager.swift */,
			);
			path = PiP;
			sourceTree = "<group>";
		};
		F185C1E697E041FF9349E9EA /* Core */ = {
			isa = PBXGroup;
			children = (
				FD971BACCCCC4D15A763446D /* Theme */,
				4E1820F6C57245279A6B445F /* Audio */,
				A5E981CC24C344B1A20E108E /* PiP */,
			);
			path = Core;
			sourceTree = "<group>";
		};
		B087B9FBE06C4681AD017A22 /* Models */ = {
			isa = PBXGroup;
			children = (
				6F9775CDD6504FE7AC59AD15 /* PlaylistItem.swift */,
			);
			path = Models;
			sourceTree = "<group>";
		};
		C73698F96E964D93A63653C2 /* Player */ = {
			isa = PBXGroup;
			children = (
				37F2C46DBC0F4CA7A124388F /* PlayerControlsView.swift */,
				83CF839567904BA2A79BDBE5 /* PlayerLayerView.swift */,
				BA9F155CE6254760A0452E2C /* PlayerView.swift */,
				5A51ADE774804E96BC6C84FF /* PlayerViewModel.swift */,
				F44BDF552A8343C8AE9A79F3 /* PlaylistView.swift */,
				B087B9FBE06C4681AD017A22 /* Models */,
			);
			path = Player;
			sourceTree = "<group>";
		};
		C81F8F41935E4A95AF4BEBFF /* Features */ = {
			isa = PBXGroup;
			children = (
				C73698F96E964D93A63653C2 /* Player */,
			);
			path = Features;
			sourceTree = "<group>";
		};
		E3D74D47009A42D7A7144D52 /* DesignSystem */ = {
			isa = PBXGroup;
			children = (
				AD7D19C505974730B3D9C765 /* StateViews.swift */,
			);
			path = DesignSystem;
			sourceTree = "<group>";
		};
		0498AA8E91454A6B8CEAE242 /* IsshinPlayer */ = {
			isa = PBXGroup;
			children = (
				B074996D649D400FBA625B84 /* App */,
				F185C1E697E041FF9349E9EA /* Core */,
				C81F8F41935E4A95AF4BEBFF /* Features */,
				E3D74D47009A42D7A7144D52 /* DesignSystem */,
				3816A3774FA944D29720E067 /* Assets.xcassets */,
				D41A278314834F2F9190AF62 /* Info.plist */,
			);
			path = IsshinPlayer;
			sourceTree = "<group>";
		};
		1849AD3D6A34429FAE505F7E /* Products */ = {
			isa = PBXGroup;
			children = (
				BDD8479EA34C4177A0520BBD /* IsshinPlayer.app */,
			);
			sourceTree = "<group>";
		};
		5E4FB6E00E3F4926973E386A /* Main */ = {
			isa = PBXGroup;
			children = (
				0498AA8E91454A6B8CEAE242 /* IsshinPlayer */,
				1849AD3D6A34429FAE505F7E /* Products */,
			);
			sourceTree = "<group>";
		};
		703A67F94CBD44EFBCAD1BC7 /* IsshinPlayer */ = {
			isa = PBXNativeTarget;
			buildConfigurationList = D092F48FECFA4C2D8F63B0DF /* Build configuration list for PBXNativeTarget "IsshinPlayer" */;
			buildPhases = (
				7D729E5D377D451992DE3B64 /* Sources */,
				7E529CBA269541D7AD5870B3 /* Frameworks */,
				2F50385837824C0A81D24D7F /* Resources */,
			);
			buildRules = (
			);
			dependencies = (
			);
			name = IsshinPlayer;
			productName = IsshinPlayer;
			productReference = BDD8479EA34C4177A0520BBD /* IsshinPlayer.app */;
			productType = "com.apple.product-type.application";
		};
		52BBC300D691454FB27D6F83 /* Project object */ = {
			isa = PBXProject;
			attributes = {
				BuildIndependentTargetsInParallel = 1;
				LastSwiftUpdateCheck = 1500;
				LastUpgradeCheck = 1500;
				TargetAttributes = {
					703A67F94CBD44EFBCAD1BC7 = {
						CreatedOnToolsVersion = 15.0;
					};
				};
			};
			buildConfigurationList = 0608C886462D442082DA1998 /* Build configuration list for PBXProject "IsshinPlayer" */;
			compatibilityVersion = "Xcode 14.0";
			developmentRegion = en;
			hasScannedForEncodings = 0;
			knownRegions = (
				en,
				Base,
			);
			mainGroup = 5E4FB6E00E3F4926973E386A;
			productRefGroup = 1849AD3D6A34429FAE505F7E /* Products */;
			projectDirPath = "";
			projectRoot = "";
			targets = (
				703A67F94CBD44EFBCAD1BC7 /* IsshinPlayer */,
			);
		};
		7D729E5D377D451992DE3B64 /* Sources */ = {
			isa = PBXSourcesBuildPhase;
			buildActionMask = 2147483647;
			files = (
				10F2B1EF98704E1FBBB62505 /* IsshinPlayerApp.swift in Sources */,
				A3C321936A584EF8BD567A8B /* AudioSessionManager.swift in Sources */,
				B6CC71B355C2476E855DB536 /* NowPlayingManager.swift in Sources */,
				F3922F3A33224CA999AA5C65 /* PictureInPictureManager.swift in Sources */,
				6FDB9B15F539455492BFE572 /* Theme.swift in Sources */,
				324C146981C341ED8A2B3593 /* StateViews.swift in Sources */,
				C0A14B486F934ED8B1AD4E8B /* PlaylistItem.swift in Sources */,
				7AC9F2FDB78645EFA24A4FA8 /* PlayerControlsView.swift in Sources */,
				0E15DC1FDB65473E84004B49 /* PlayerLayerView.swift in Sources */,
				93EBAD8C83674CD5808711E7 /* PlayerView.swift in Sources */,
				28BD30B67A6947489123EF9C /* PlayerViewModel.swift in Sources */,
				16FB4A1D0C054F80B1310449 /* PlaylistView.swift in Sources */,
			);
			runOnlyForDeploymentPostprocessing = 0;
		};
		7E529CBA269541D7AD5870B3 /* Frameworks */ = {
			isa = PBXFrameworksBuildPhase;
			buildActionMask = 2147483647;
			files = (
			);
			runOnlyForDeploymentPostprocessing = 0;
		};
		2F50385837824C0A81D24D7F /* Resources */ = {
			isa = PBXResourcesBuildPhase;
			buildActionMask = 2147483647;
			files = (
				ABD07E2FD5054528B1DF551C /* Assets.xcassets in Resources */,
			);
			runOnlyForDeploymentPostprocessing = 0;
		};
		D305AE4C21D7459B96359D4D /* Debug */ = {
			isa = XCBuildConfiguration;
			buildSettings = {
				ALWAYS_SEARCH_USER_PATHS = NO;
				CLANG_ENABLE_MODULES = YES;
				CLANG_ENABLE_OBJC_ARC = YES;
				COPY_PHASE_STRIP = NO;
				DEBUG_INFORMATION_FORMAT = dwarf;
				GCC_DYNAMIC_NO_PIC = NO;
				GCC_OPTIMIZATION_LEVEL = 0;
				MTL_ENABLE_DEBUG_INFO = INCLUDE_SOURCE;
				ONLY_ACTIVE_ARCH = YES;
				SDKROOT = iphoneos;
				SWIFT_ACTIVE_COMPILATION_CONDITIONS = DEBUG;
				SWIFT_OPTIMIZATION_LEVEL = -Onone;
				IPHONEOS_DEPLOYMENT_TARGET = 17.0;
			};
			name = Debug;
		};
		2586865EE5B3410DB794D304 /* Release */ = {
			isa = XCBuildConfiguration;
			buildSettings = {
				ALWAYS_SEARCH_USER_PATHS = NO;
				CLANG_ENABLE_MODULES = YES;
				CLANG_ENABLE_OBJC_ARC = YES;
				COPY_PHASE_STRIP = NO;
				DEBUG_INFORMATION_FORMAT = dwarf-with-dsym;
				GCC_DYNAMIC_NO_PIC = NO;
				GCC_OPTIMIZATION_LEVEL = s;
				MTL_ENABLE_DEBUG_INFO = NO;
				ONLY_ACTIVE_ARCH = NO;
				SDKROOT = iphoneos;
				SWIFT_ACTIVE_COMPILATION_CONDITIONS = "";
				SWIFT_OPTIMIZATION_LEVEL = -O;
				IPHONEOS_DEPLOYMENT_TARGET = 17.0;
			};
			name = Release;
		};
		F058DC47FE94477CB49B6E9C /* Debug */ = {
			isa = XCBuildConfiguration;
			buildSettings = {
				ASSETCATALOG_COMPILER_APPICON_NAME = AppIcon;
				ASSETCATALOG_COMPILER_GLOBAL_ACCENT_COLOR_NAME = AccentColor;
				CODE_SIGN_STYLE = Automatic;
				CURRENT_PROJECT_VERSION = 1;
				DEVELOPMENT_TEAM = "";
				GENERATE_INFOPLIST_FILE = NO;
				INFOPLIST_FILE = IsshinPlayer/Info.plist;
				LD_RUNPATH_SEARCH_PATHS = "$(inherited) @executable_path/Frameworks";
				MARKETING_VERSION = 0.1.0;
				PRODUCT_BUNDLE_IDENTIFIER = com.isshin.player;
				PRODUCT_NAME = "$(TARGET_NAME)";
				SWIFT_EMIT_LOC_STRINGS = YES;
				SWIFT_VERSION = 5.0;
				TARGETED_DEVICE_FAMILY = 1,2;
				IPHONEOS_DEPLOYMENT_TARGET = 17.0;
			};
			name = Debug;
		};
		AAFEC6D18CA84E1F86E21FB3 /* Release */ = {
			isa = XCBuildConfiguration;
			buildSettings = {
				ASSETCATALOG_COMPILER_APPICON_NAME = AppIcon;
				ASSETCATALOG_COMPILER_GLOBAL_ACCENT_COLOR_NAME = AccentColor;
				CODE_SIGN_STYLE = Automatic;
				CURRENT_PROJECT_VERSION = 1;
				DEVELOPMENT_TEAM = "";
				GENERATE_INFOPLIST_FILE = NO;
				INFOPLIST_FILE = IsshinPlayer/Info.plist;
				LD_RUNPATH_SEARCH_PATHS = "$(inherited) @executable_path/Frameworks";
				MARKETING_VERSION = 0.1.0;
				PRODUCT_BUNDLE_IDENTIFIER = com.isshin.player;
				PRODUCT_NAME = "$(TARGET_NAME)";
				SWIFT_EMIT_LOC_STRINGS = YES;
				SWIFT_VERSION = 5.0;
				TARGETED_DEVICE_FAMILY = 1,2;
				IPHONEOS_DEPLOYMENT_TARGET = 17.0;
			};
			name = Release;
		};
		0608C886462D442082DA1998 /* Build configuration list for PBXProject "IsshinPlayer" */ = {
			isa = XCConfigurationList;
			buildConfigurations = (
				D305AE4C21D7459B96359D4D /* Debug */,
				2586865EE5B3410DB794D304 /* Release */,
			);
			defaultConfigurationIsVisible = 0;
			defaultConfigurationName = Release;
		};
		D092F48FECFA4C2D8F63B0DF /* Build configuration list for PBXNativeTarget "IsshinPlayer" */ = {
			isa = XCConfigurationList;
			buildConfigurations = (
				F058DC47FE94477CB49B6E9C /* Debug */,
				AAFEC6D18CA84E1F86E21FB3 /* Release */,
			);
			defaultConfigurationIsVisible = 0;
			defaultConfigurationName = Release;
		};
	};
	rootObject = 52BBC300D691454FB27D6F83 /* Project object */;
}
